// !$*UTF8*$!
{
	archiveVersion = 1;
	classes = {
	};
	objectVersion = 50;
	objects = {

/* Begin PBXBuildFile section */
		957B5D762360CBC9003CFD0D /* AppDelegate.swift in Sources */ = {isa = PBXBuildFile; fileRef = 957B5D752360CBC9003CFD0D /* AppDelegate.swift */; };
		957B5D782360CBC9003CFD0D /* SceneDelegate.swift in Sources */ = {isa = PBXBuildFile; fileRef = 957B5D772360CBC9003CFD0D /* SceneDelegate.swift */; };
		957B5D7A2360CBC9003CFD0D /* ContentView.swift in Sources */ = {isa = PBXBuildFile; fileRef = 957B5D792360CBC9003CFD0D /* ContentView.swift */; };
		957B5D7C2360CBCA003CFD0D /* Assets.xcassets in Resources */ = {isa = PBXBuildFile; fileRef = 957B5D7B2360CBCA003CFD0D /* Assets.xcassets */; };
		957B5D7F2360CBCA003CFD0D /* Preview Assets.xcassets in Resources */ = {isa = PBXBuildFile; fileRef = 957B5D7E2360CBCA003CFD0D /* Preview Assets.xcassets */; };
		957B5D822360CBCA003CFD0D /* LaunchScreen.storyboard in Resources */ = {isa = PBXBuildFile; fileRef = 957B5D802360CBCA003CFD0D /* LaunchScreen.storyboard */; };
/* End PBXBuildFile section */

/* Begin PBXFileReference section */
		957B5D722360CBC9003CFD0D /* SwiftUIToggleStyle.app */ = {isa = PBXFileReference; explicitFileType = wrapper.application; includeInIndex = 0; path = SwiftUIToggleStyle.app; sourceTree = BUILT_PRODUCTS_DIR; };
		957B5D752360CBC9003CFD0D /* AppDelegate.swift */ = {isa = PBXFileReference; lastKnownFileType = sourcecode.swift; path = AppDelegate.swift; sourceTree = "<group>"; };
		957B5D772360CBC9003CFD0D /* SceneDelegate.swift */ = {isa = PBXFileReference; lastKnownFileType = sourcecode.swift; path = SceneDelegate.swift; sourceTree = "<group>"; };
		957B5D792360CBC9003CFD0D /* ContentView.swift */ = {isa = PBXFileReference; lastKnownFileType = sourcecode.swift; path = ContentView.swift; sourceTree = "<group>"; };
		957B5D7B2360CBCA003CFD0D /* Assets.xcassets */ = {isa = PBXFileReference; lastKnownFileType = folder.assetcatalog; path = Assets.xcassets; sourceTree = "<group>"; };
		957B5D7E2360CBCA003CFD0D /* Preview Assets.xcassets */ = {isa = PBXFileReference; lastKnownFileType = folder.assetcatalog; path = "Preview Assets.xcassets"; sourceTree = "<group>"; };
		957B5D812360CBCA003CFD0D /* Base */ = {isa = PBXFileReference; lastKnownFileType = file.storyboard; name = Base; path = Base.lproj/LaunchScreen.storyboard; sourceTree = "<group>"; };
		957B5D832360CBCA003CFD0D /* Info.plist */ = {isa = PBXFileReference; lastKnownFileType = text.plist.xml; path = Info.plist; sourceTree = "<group>"; };
/* End PBXFileReference section */

/* Begin PBXFrameworksBuildPhase section */
		957B5D6F2360CBC9003CFD0D /* Frameworks */ = {
			isa = PBXFrameworksBuildPhase;
			buildActionMask = 2147483647;
			files = (
			);
			runOnlyForDeploymentPostprocessing = 0;
		};
/* End PBXFrameworksBuildPhase section */

/* Begin PBXGroup section */
		957B5D692360CBC9003CFD0D = {
			isa = PBXGroup;
			children = (
				957B5D742360CBC9003CFD0D /* SwiftUIToggleStyle */,
				957B5D732360CBC9003CFD0D /* Products */,
			);
			sourceTree = "<group>";
		};
		957B5D732360CBC9003CFD0D /* Products */ = {
			isa = PBXGroup;
			children = (
				957B5D722360CBC9003CFD0D /* SwiftUIToggleStyle.app */,
			);
			name = Products;
			sourceTree = "<group>";
		};
		957B5D742360CBC9003CFD0D /* SwiftUIToggleStyle */ = {
			isa = PBXGroup;
			children = (
				957B5D752360CBC9003CFD0D /* AppDelegate.swift */,
				957B5D772360CBC9003CFD0D /* SceneDelegate.swift */,
				957B5D792360CBC9003CFD0D /* ContentView.swift */,
				957B5D7B2360CBCA003CFD0D /* Assets.xcassets */,
				957B5D802360CBCA003CFD0D /* LaunchScreen.storyboard */,
				957B5D832360CBCA003CFD0D /* Info.plist */,
				957B5D7D2360CBCA003CFD0D /* Preview Content */,
			);
			path = SwiftUIToggleStyle;
			sourceTree = "<group>";
		};
		957B5D7D2360CBCA003CFD0D /* Preview Content */ = {
			isa = PBXGroup;
			children = (
				957B5D7E2360CBCA003CFD0D /* Preview Assets.xcassets */,
			);
			path = "Preview Content";
			sourceTree = "<group>";
		};
/* End PBXGroup section */

/* Begin PBXNativeTarget section */
		957B5D712360CBC9003CFD0D /* SwiftUIToggleStyle */ = {
			isa = PBXNativeTarget;
			buildConfigurationList = 957B5D862360CBCA003CFD0D /* Build configuration list for PBXNativeTarget "SwiftUIToggleStyle" */;
			buildPhases = (
				957B5D6E2360CBC9003CFD0D /* Sources */,
				957B5D6F2360CBC9003CFD0D /* Frameworks */,
				957B5D702360CBC9003CFD0D /* Resources */,
			);
			buildRules = (
			);
			dependencies = (
			);
			name = SwiftUIToggleStyle;
			productName = SwiftUIToggleStyle;
			productReference = 957B5D722360CBC9003CFD0D /* SwiftUIToggleStyle.app */;
			productType = "com.apple.product-type.application";
		};
/* End PBXNativeTarget section */

/* Begin PBXProject section */
		957B5D6A2360CBC9003CFD0D /* Project object */ = {
			isa = PBXProject;
			attributes = {
				LastSwiftUpdateCheck = 1110;
				LastUpgradeCheck = 1110;
				ORGANIZATIONNAME = com.ri;
				TargetAttributes = {
					957B5D712360CBC9003CFD0D = {
						CreatedOnToolsVersion = 11.1;
					};
				};
			};
			buildConfigurationList = 957B5D6D2360CBC9003CFD0D /* Build configuration list for PBXProject "SwiftUIToggleStyle" */;
			compatibilityVersion = "Xcode 9.3";
			developmentRegion = en;
			hasScannedForEncodings = 0;
			knownRegions = (
				en,
				Base,
			);
			mainGroup = 957B5D692360CBC9003CFD0D;
			productRefGroup = 957B5D732360CBC9003CFD0D /* Products */;
			projectDirPath = "";
			projectRoot = "";
			targets = (
				957B5D712360CBC9003CFD0D /* SwiftUIToggleStyle */,
			);
		};
/* End PBXProject section */

/* Begin PBXResourcesBuildPhase section */
		957B5D702360CBC9003CFD0D /* Resources */ = {
			isa = PBXResourcesBuildPhase;
			buildActionMask = 2147483647;
			files = (
				957B5D822360CBCA003CFD0D /* LaunchScreen.storyboard in Resources */,
				957B5D7F2360CBCA003CFD0D /* Preview Assets.xcassets in Resources */,
				957B5D7C2360CBCA003CFD0D /* Assets.xcassets in Resources */,
			);
			runOnlyForDeploymentPostprocessing = 0;
		};
/* End PBXResourcesBuildPhase section */

/* Begin PBXSourcesBuildPhase section */
		957B5D6E2360CBC9003CFD0D /* Sources */ = {
			isa = PBXSourcesBuildPhase;
			buildActionMask = 2147483647;
			files = (
				957B5D762360CBC9003CFD0D /* AppDelegate.swift in Sources */,
				957B5D782360CBC9003CFD0D /* SceneDelegate.swift in Sources */,
				957B5D7A2360CBC9003CFD0D /* ContentView.swift in Sources */,
			);
			runOnlyForDeploymentPostprocessing = 0;
		};
/* End PBXSourcesBuildPhase section */

/* Begin PBXVariantGroup section */
		957B5D802360CBCA003CFD0D /* LaunchScreen.storyboard */ = {
			isa = PBXVariantGroup;
			children = (
				957B5D812360CBCA003CFD0D /* Base */,
			);
			name = LaunchScreen.storyboard;
			sourceTree = "<group>";
		};
/* End PBXVariantGroup section */

/* Begin XCBuildConfiguration section */
		957B5D842360CBCA003CFD0D /* Debug */ = {
			isa = XCBuildConfiguration;
			buildSettings = {
				ALWAYS_SEARCH_USER_PATHS = NO;
				CLANG_ANALYZER_NONNULL = YES;
				CLANG_ANALYZER_NUMBER_OBJECT_CONVERSION = YES_AGGRESSIVE;
				CLANG_CXX_LANGUAGE_STANDARD = "gnu++14";
				CLANG_CXX_LIBRARY = "libc++";
				CLANG_ENABLE_MODULES = YES;
				CLANG_ENABLE_OBJC_ARC = YES;
				CLANG_ENABLE_OBJC_WEAK = YES;
				CLANG_WARN_BLOCK_CAPTURE_AUTORELEASING = YES;
				CLANG_WARN_BOOL_CONVERSION = YES;
				CLANG_WARN_COMMA = YES;
				CLANG_WARN_CONSTANT_CONVERSION = YES;
				CLANG_WARN_DEPRECATED_OBJC_IMPLEMENTATIONS = YES;
				CLANG_WARN_DIRECT_OBJC_ISA_USAGE = YES_ERROR;
				CLANG_WARN_DOCUMENTATION_COMMENTS = YES;
				CLANG_WARN_EMPTY_BODY = YES;
				CLANG_WARN_ENUM_CONVERSION = YES;
				CLANG_WARN_INFINITE_RECURSION = YES;
				CLANG_WARN_INT_CONVERSION = YES;
				CLANG_WARN_NON_LITERAL_NULL_CONVERSION = YES;
				CLANG_WARN_OBJC_IMPLICIT_RETAIN_SELF = YES;
				CLANG_WARN_OBJC_LITERAL_CONVERSION = YES;
				CLANG_WARN_OBJC_ROOT_CLASS = YES_ERROR;
				CLANG_WARN_RANGE_LOOP_ANALYSIS = YES;
				CLANG_WARN_STRICT_PROTOTYPES = YES;
				CLANG_WARN_SUSPICIOUS_MOVE = YES;
				CLANG_WARN_UNGUARDED_AVAILABILITY = YES_AGGRESSIVE;
				CLANG_WARN_UNREACHABLE_CODE = YES;
				CLANG_WARN__DUPLICATE_METHOD_MATCH = YES;
				COPY_PHASE_STRIP = NO;
				DEBUG_INFORMATION_FORMAT = dwarf;
				ENABLE_STRICT_OBJC_MSGSEND = YES;
				ENABLE_TESTABILITY = YES;
				GCC_C_LANGUAGE_STANDARD = gnu11;
				GCC_DYNAMIC_NO_PIC = NO;
				GCC_NO_COMMON_BLOCKS = YES;
				GCC_OPTIMIZATION_LEVEL = 0;
				GCC_PREPROCESSOR_DEFINITIONS = (
					"DEBUG=1",
					"$(inherited)",
				);
				GCC_WARN_64_TO_32_BIT_CONVERSION = YES;
				GCC_WARN_ABOUT_RETURN_TYPE = YES_ERROR;
				GCC_WARN_UNDECLARED_SELECTOR = YES;
				GCC_WARN_UNINITIALIZED_AUTOS = YES_AGGRESSIVE;
				GCC_WARN_UNUSED_FUNCTION = YES;
				GCC_WARN_UNUSED_VARIABLE = YES;
				IPHONEOS_DEPLOYMENT_TARGET = 13.1;
				MTL_ENABLE_DEBUG_INFO = INCLUDE_SOURCE;
				MTL_FAST_MATH = YES;
				ONLY_ACTIVE_ARCH = YES;
				SDKROOT = iphoneos;
				SWIFT_ACTIVE_COMPILATION_CONDITIONS = DEBUG;
				SWIFT_OPTIMIZATION_LEVEL = "-Onone";
			};
			name = Debug;
		};
		957B5D852360CBCA003CFD0D /* Release */ = {
			isa = XCBuildConfiguration;
			buildSettings = {
				ALWAYS_SEARCH_USER_PATHS = NO;
				CLANG_ANALYZER_NONNULL = YES;
				CLANG_ANALYZER_NUMBER_OBJECT_CONVERSION = YES_AGGRESSIVE;
				CLANG_CXX_LANGUAGE_STANDARD = "gnu++14";
				CLANG_CXX_LIBRARY = "libc++";
				CLANG_ENABLE_MODULES = YES;
				CLANG_ENABLE_OBJC_ARC = YES;
				CLANG_ENABLE_OBJC_WEAK = YES;
				CLANG_WARN_BLOCK_CAPTURE_AUTORELEASING = YES;
				CLANG_WARN_BOOL_CONVERSION = YES;
				CLANG_WARN_COMMA = YES;
				CLANG_WARN_CONSTANT_CONVERSION = YES;
				CLANG_WARN_DEPRECATED_OBJC_IMPLEMENTATIONS = YES;
				CLANG_WARN_DIRECT_OBJC_ISA_USAGE = YES_ERROR;
				CLANG_WARN_DOCUMENTATION_COMMENTS = YES;
				CLANG_WARN_EMPTY_BODY = YES;
				CLANG_WARN_ENUM_CONVERSION = YES;
				CLANG_WARN_INFINITE_RECURSION = YES;
				CLANG_WARN_INT_CONVERSION = YES;
				CLANG_WARN_NON_LITERAL_NULL_CONVERSION = YES;
				CLANG_WARN_OBJC_IMPLICIT_RETAIN_SELF = YES;
				CLANG_WARN_OBJC_LITERAL_CONVERSION = YES;
				CLANG_WARN_OBJC_ROOT_CLASS = YES_ERROR;
				CLANG_WARN_RANGE_LOOP_ANALYSIS = YES;
				CLANG_WARN_STRICT_PROTOTYPES = YES;
				CLANG_WARN_SUSPICIOUS_MOVE = YES;
				CLANG_WARN_UNGUARDED_AVAILABILITY = YES_AGGRESSIVE;
				CLANG_WARN_UNREACHABLE_CODE = YES;
				CLANG_WARN__DUPLICATE_METHOD_MATCH = YES;
				COPY_PHASE_STRIP = NO;
				DEBUG_INFORMATION_FORMAT = "dwarf-with-dsym";
				ENABLE_NS_ASSERTIONS = NO;
				ENABLE_STRICT_OBJC_MSGSEND = YES;
				GCC_C_LANGUAGE_STANDARD = gnu11;
				GCC_NO_COMMON_BLOCKS = YES;
				GCC_WARN_64_TO_32_BIT_CONVERSION = YES;
				GCC_WARN_ABOUT_RETURN_TYPE = YES_ERROR;
				GCC_WARN_UNDECLARED_SELECTOR = YES;
				GCC_WARN_UNINITIALIZED_AUTOS = YES_AGGRESSIVE;
				GCC_WARN_UNUSED_FUNCTION = YES;
				GCC_WARN_UNUSED_VARIABLE = YES;
				IPHONEOS_DEPLOYMENT_TARGET = 13.1;
				MTL_ENABLE_DEBUG_INFO = NO;
				MTL_FAST_MATH = YES;
				SDKROOT = iphoneos;
				SWIFT_COMPILATION_MODE = wholemodule;
				SWIFT_OPTIMIZATION_LEVEL = "-O";
				VALIDATE_PRODUCT = YES;
			};
			name = Release;
		};
		957B5D872360CBCA003CFD0D /* Debug */ = {
			isa = XCBuildConfiguration;
			buildSettings = {
				ASSETCATALOG_COMPILER_APPICON_NAME = AppIcon;
				CODE_SIGN_STYLE = Automatic;
				DEVELOPMENT_ASSET_PATHS = "\"SwiftUIToggleStyle/Preview Content\"";
				DEVELOPMENT_TEAM = L8W86DZDY2;
				ENABLE_PREVIEWS = YES;
				INFOPLIST_FILE = SwiftUIToggleStyle/Info.plist;
				LD_RUNPATH_SEARCH_PATHS = (
					"$(inherited)",
					"@executable_path/Frameworks",
				);
				PRODUCT_BUNDLE_IDENTIFIER = com.ri.SwiftUIToggleStyle;
				PRODUCT_NAME = "$(TARGET_NAME)";
				SWIFT_VERSION = 5.0;
				TARGETED_DEVICE_FAMILY = "1,2";
			};
			name = Debug;
		};
		957B5D882360CBCA003CFD0D /* Release */ = {
			isa = XCBuildConfiguration;
			buildSettings = {
				ASSETCATALOG_COMPILER_APPICON_NAME = AppIcon;
				CODE_SIGN_STYLE = Automatic;
				DEVELOPMENT_ASSET_PATHS = "\"SwiftUIToggleStyle/Preview Content\"";
				DEVELOPMENT_TEAM = L8W86DZDY2;
				ENABLE_PREVIEWS = YES;
				INFOPLIST_FILE = SwiftUIToggleStyle/Info.plist;
				LD_RUNPATH_SEARCH_PATHS = (
					"$(inherited)",
					"@executable_path/Frameworks",
				);
				PRODUCT_BUNDLE_IDENTIFIER = com.ri.SwiftUIToggleStyle;
				PRODUCT_NAME = "$(TARGET_NAME)";
				SWIFT_VERSION = 5.0;
				TARGETED_DEVICE_FAMILY = "1,2";
			};
			name = Release;
		};
/* End XCBuildConfiguration section */

/* Begin XCConfigurationList section */
		957B5D6D2360CBC9003CFD0D /* Build configuration list for PBXProject "SwiftUIToggleStyle" */ = {
			isa = XCConfigurationList;
			buildConfigurations = (
				957B5D842360CBCA003CFD0D /* Debug */,
				957B5D852360CBCA003CFD0D /* Release */,
			);
			defaultConfigurationIsVisible = 0;
			defaultConfigurationName = Release;
		};
		957B5D862360CBCA003CFD0D /* Build configuration list for PBXNativeTarget "SwiftUIToggleStyle" */ = {
			isa = XCConfigurationList;
			buildConfigurations = (
				957B5D872360CBCA003CFD0D /* Debug */,
				957B5D882360CBCA003CFD0D /* Release */,
			);
			defaultConfigurationIsVisible = 0;
			defaultConfigurationName = Release;
		};
/* End XCConfigurationList section */
	};
	rootObject = 957B5D6A2360CBC9003CFD0D /* Project object */;
}
